
Microsoft Visual Studio Solution File, Format Version 12.00
# Visual Studio Version 17
VisualStudioVersion = 17.3.32929.385
MinimumVisualStudioVersion = 10.0.40219.1
Project("{FAE04EC0-301F-11D3-BF4B-00C04F79EFBC}") = "31jaanuar", "31jaanuar\31jaanuar.csproj", "{AB7ED672-A69B-40F1-8B7A-C7790069D58D}"
EndProject
Global
	GlobalSection(SolutionConfigurationPlatforms) = preSolution
		Debug|Any CPU = Debug|Any CPU
		Release|Any CPU = Release|Any CPU
	EndGlobalSection
	GlobalSection(ProjectConfigurationPlatforms) = postSolution
		{AB7ED672-A69B-40F1-8B7A-C7790069D58D}.Debug|Any CPU.ActiveCfg = Debug|Any CPU
		{AB7ED672-A69B-40F1-8B7A-C7790069D58D}.Debug|Any CPU.Build.0 = Debug|Any CPU
		{AB7ED672-A69B-40F1-8B7A-C7790069D58D}.Release|Any CPU.ActiveCfg = Release|Any CPU
		{AB7ED672-A69B-40F1-8B7A-C7790069D58D}.Release|Any CPU.Build.0 = Release|Any CPU
	EndGlobalSection
	GlobalSection(SolutionProperties) = preSolution
		HideSolutionNode = FALSE
	EndGlobalSection
	GlobalSection(ExtensibilityGlobals) = postSolution
		SolutionGuid = {581C5F85-5835-40D4-B376-EC3DFB26B13E}
	EndGlobalSection
EndGlobal
