
Microsoft Visual Studio Solution File, Format Version 12.00
# Visual Studio Version 17
VisualStudioVersion = 17.3.32929.385
MinimumVisualStudioVersion = 10.0.40219.1
Project("{FAE04EC0-301F-11D3-BF4B-00C04F79EFBC}") = "20veebruar_2", "20veebruar_2\20veebruar_2.csproj", "{D2A204E1-2A9E-4D69-AEF1-CF27F2AE5C54}"
EndProject
Global
	GlobalSection(SolutionConfigurationPlatforms) = preSolution
		Debug|Any CPU = Debug|Any CPU
		Release|Any CPU = Release|Any CPU
	EndGlobalSection
	GlobalSection(ProjectConfigurationPlatforms) = postSolution
		{D2A204E1-2A9E-4D69-AEF1-CF27F2AE5C54}.Debug|Any CPU.ActiveCfg = Debug|Any CPU
		{D2A204E1-2A9E-4D69-AEF1-CF27F2AE5C54}.Debug|Any CPU.Build.0 = Debug|Any CPU
		{D2A204E1-2A9E-4D69-AEF1-CF27F2AE5C54}.Release|Any CPU.ActiveCfg = Release|Any CPU
		{D2A204E1-2A9E-4D69-AEF1-CF27F2AE5C54}.Release|Any CPU.Build.0 = Release|Any CPU
	EndGlobalSection
	GlobalSection(SolutionProperties) = preSolution
		HideSolutionNode = FALSE
	EndGlobalSection
	GlobalSection(ExtensibilityGlobals) = postSolution
		SolutionGuid = {A000EE51-00BD-4333-9115-A326F8C0D290}
	EndGlobalSection
EndGlobal
