
Microsoft Visual Studio Solution File, Format Version 12.00
# Visual Studio Version 17
VisualStudioVersion = 17.3.32929.385
MinimumVisualStudioVersion = 10.0.40219.1
Project("{FAE04EC0-301F-11D3-BF4B-00C04F79EFBC}") = "25november_2", "25november_2\25november_2.csproj", "{0DF883A5-0F3A-413C-B30A-F0C2BD71C02C}"
EndProject
Global
	GlobalSection(SolutionConfigurationPlatforms) = preSolution
		Debug|Any CPU = Debug|Any CPU
		Release|Any CPU = Release|Any CPU
	EndGlobalSection
	GlobalSection(ProjectConfigurationPlatforms) = postSolution
		{0DF883A5-0F3A-413C-B30A-F0C2BD71C02C}.Debug|Any CPU.ActiveCfg = Debug|Any CPU
		{0DF883A5-0F3A-413C-B30A-F0C2BD71C02C}.Debug|Any CPU.Build.0 = Debug|Any CPU
		{0DF883A5-0F3A-413C-B30A-F0C2BD71C02C}.Release|Any CPU.ActiveCfg = Release|Any CPU
		{0DF883A5-0F3A-413C-B30A-F0C2BD71C02C}.Release|Any CPU.Build.0 = Release|Any CPU
	EndGlobalSection
	GlobalSection(SolutionProperties) = preSolution
		HideSolutionNode = FALSE
	EndGlobalSection
	GlobalSection(ExtensibilityGlobals) = postSolution
		SolutionGuid = {CD693031-15D6-46E5-A172-B248889279C8}
	EndGlobalSection
EndGlobal
