
Microsoft Visual Studio Solution File, Format Version 12.00
# Visual Studio Version 17
VisualStudioVersion = 17.3.32929.385
MinimumVisualStudioVersion = 10.0.40219.1
Project("{FAE04EC0-301F-11D3-BF4B-00C04F79EFBC}") = "31jaanuar_5", "31jaanuar_5\31jaanuar_5.csproj", "{9590B7C7-BF4E-4A4F-B9D4-5ECEB9B3BF05}"
EndProject
Global
	GlobalSection(SolutionConfigurationPlatforms) = preSolution
		Debug|Any CPU = Debug|Any CPU
		Release|Any CPU = Release|Any CPU
	EndGlobalSection
	GlobalSection(ProjectConfigurationPlatforms) = postSolution
		{9590B7C7-BF4E-4A4F-B9D4-5ECEB9B3BF05}.Debug|Any CPU.ActiveCfg = Debug|Any CPU
		{9590B7C7-BF4E-4A4F-B9D4-5ECEB9B3BF05}.Debug|Any CPU.Build.0 = Debug|Any CPU
		{9590B7C7-BF4E-4A4F-B9D4-5ECEB9B3BF05}.Release|Any CPU.ActiveCfg = Release|Any CPU
		{9590B7C7-BF4E-4A4F-B9D4-5ECEB9B3BF05}.Release|Any CPU.Build.0 = Release|Any CPU
	EndGlobalSection
	GlobalSection(SolutionProperties) = preSolution
		HideSolutionNode = FALSE
	EndGlobalSection
	GlobalSection(ExtensibilityGlobals) = postSolution
		SolutionGuid = {3E1FC4E0-AC73-4982-A824-64EC66503C14}
	EndGlobalSection
EndGlobal
