
Microsoft Visual Studio Solution File, Format Version 12.00
# Visual Studio Version 17
VisualStudioVersion = 17.3.32929.385
MinimumVisualStudioVersion = 10.0.40219.1
Project("{FAE04EC0-301F-11D3-BF4B-00C04F79EFBC}") = "30jaanuar_6", "30jaanuar_6\30jaanuar_6.csproj", "{CC49E0BC-6FDF-4CA8-949A-EBAFF2B85D71}"
EndProject
Global
	GlobalSection(SolutionConfigurationPlatforms) = preSolution
		Debug|Any CPU = Debug|Any CPU
		Release|Any CPU = Release|Any CPU
	EndGlobalSection
	GlobalSection(ProjectConfigurationPlatforms) = postSolution
		{CC49E0BC-6FDF-4CA8-949A-EBAFF2B85D71}.Debug|Any CPU.ActiveCfg = Debug|Any CPU
		{CC49E0BC-6FDF-4CA8-949A-EBAFF2B85D71}.Debug|Any CPU.Build.0 = Debug|Any CPU
		{CC49E0BC-6FDF-4CA8-949A-EBAFF2B85D71}.Release|Any CPU.ActiveCfg = Release|Any CPU
		{CC49E0BC-6FDF-4CA8-949A-EBAFF2B85D71}.Release|Any CPU.Build.0 = Release|Any CPU
	EndGlobalSection
	GlobalSection(SolutionProperties) = preSolution
		HideSolutionNode = FALSE
	EndGlobalSection
	GlobalSection(ExtensibilityGlobals) = postSolution
		SolutionGuid = {69B55238-5703-4873-98AD-FFB3765A1705}
	EndGlobalSection
EndGlobal
