
Microsoft Visual Studio Solution File, Format Version 12.00
# Visual Studio Version 17
VisualStudioVersion = 17.3.32929.385
MinimumVisualStudioVersion = 10.0.40219.1
Project("{FAE04EC0-301F-11D3-BF4B-00C04F79EFBC}") = "14detsember", "14detsember\14detsember.csproj", "{0A2252BC-9CBB-4C43-92AF-D1EC1D1FF0AD}"
EndProject
Global
	GlobalSection(SolutionConfigurationPlatforms) = preSolution
		Debug|Any CPU = Debug|Any CPU
		Release|Any CPU = Release|Any CPU
	EndGlobalSection
	GlobalSection(ProjectConfigurationPlatforms) = postSolution
		{0A2252BC-9CBB-4C43-92AF-D1EC1D1FF0AD}.Debug|Any CPU.ActiveCfg = Debug|Any CPU
		{0A2252BC-9CBB-4C43-92AF-D1EC1D1FF0AD}.Debug|Any CPU.Build.0 = Debug|Any CPU
		{0A2252BC-9CBB-4C43-92AF-D1EC1D1FF0AD}.Release|Any CPU.ActiveCfg = Release|Any CPU
		{0A2252BC-9CBB-4C43-92AF-D1EC1D1FF0AD}.Release|Any CPU.Build.0 = Release|Any CPU
	EndGlobalSection
	GlobalSection(SolutionProperties) = preSolution
		HideSolutionNode = FALSE
	EndGlobalSection
	GlobalSection(ExtensibilityGlobals) = postSolution
		SolutionGuid = {7AEA34E7-3789-4ABB-B23B-A8BD1F1B1F30}
	EndGlobalSection
EndGlobal
