
Microsoft Visual Studio Solution File, Format Version 12.00
# Visual Studio Version 17
VisualStudioVersion = 17.3.32929.385
MinimumVisualStudioVersion = 10.0.40219.1
Project("{FAE04EC0-301F-11D3-BF4B-00C04F79EFBC}") = "10jaanuar", "10jaanuar.csproj", "{44AF10E6-E8B1-49BA-8B08-BA149839747F}"
EndProject
Global
	GlobalSection(SolutionConfigurationPlatforms) = preSolution
		Debug|Any CPU = Debug|Any CPU
		Release|Any CPU = Release|Any CPU
	EndGlobalSection
	GlobalSection(ProjectConfigurationPlatforms) = postSolution
		{44AF10E6-E8B1-49BA-8B08-BA149839747F}.Debug|Any CPU.ActiveCfg = Debug|Any CPU
		{44AF10E6-E8B1-49BA-8B08-BA149839747F}.Debug|Any CPU.Build.0 = Debug|Any CPU
		{44AF10E6-E8B1-49BA-8B08-BA149839747F}.Release|Any CPU.ActiveCfg = Release|Any CPU
		{44AF10E6-E8B1-49BA-8B08-BA149839747F}.Release|Any CPU.Build.0 = Release|Any CPU
	EndGlobalSection
	GlobalSection(SolutionProperties) = preSolution
		HideSolutionNode = FALSE
	EndGlobalSection
	GlobalSection(ExtensibilityGlobals) = postSolution
		SolutionGuid = {137534F8-A99E-4304-9064-FA91293F46BD}
	EndGlobalSection
EndGlobal
