
Microsoft Visual Studio Solution File, Format Version 12.00
# Visual Studio Version 17
VisualStudioVersion = 17.3.32929.385
MinimumVisualStudioVersion = 10.0.40219.1
Project("{FAE04EC0-301F-11D3-BF4B-00C04F79EFBC}") = "24.mai", "24.mai.csproj", "{ADC115C3-F479-424A-95A7-3588C28F4100}"
EndProject
Global
	GlobalSection(SolutionConfigurationPlatforms) = preSolution
		Debug|Any CPU = Debug|Any CPU
		Release|Any CPU = Release|Any CPU
	EndGlobalSection
	GlobalSection(ProjectConfigurationPlatforms) = postSolution
		{ADC115C3-F479-424A-95A7-3588C28F4100}.Debug|Any CPU.ActiveCfg = Debug|Any CPU
		{ADC115C3-F479-424A-95A7-3588C28F4100}.Debug|Any CPU.Build.0 = Debug|Any CPU
		{ADC115C3-F479-424A-95A7-3588C28F4100}.Release|Any CPU.ActiveCfg = Release|Any CPU
		{ADC115C3-F479-424A-95A7-3588C28F4100}.Release|Any CPU.Build.0 = Release|Any CPU
	EndGlobalSection
	GlobalSection(SolutionProperties) = preSolution
		HideSolutionNode = FALSE
	EndGlobalSection
	GlobalSection(ExtensibilityGlobals) = postSolution
		SolutionGuid = {BD5BAB25-C9D1-48A0-99E4-9DCFA671C63F}
	EndGlobalSection
EndGlobal
