
Microsoft Visual Studio Solution File, Format Version 12.00
# Visual Studio Version 17
VisualStudioVersion = 17.3.32929.385
MinimumVisualStudioVersion = 10.0.40219.1
Project("{FAE04EC0-301F-11D3-BF4B-00C04F79EFBC}") = "20veebruar", "20veebruar\20veebruar.csproj", "{7A421064-E6F0-43EE-BB9F-EC86AECFEE51}"
EndProject
Global
	GlobalSection(SolutionConfigurationPlatforms) = preSolution
		Debug|Any CPU = Debug|Any CPU
		Release|Any CPU = Release|Any CPU
	EndGlobalSection
	GlobalSection(ProjectConfigurationPlatforms) = postSolution
		{7A421064-E6F0-43EE-BB9F-EC86AECFEE51}.Debug|Any CPU.ActiveCfg = Debug|Any CPU
		{7A421064-E6F0-43EE-BB9F-EC86AECFEE51}.Debug|Any CPU.Build.0 = Debug|Any CPU
		{7A421064-E6F0-43EE-BB9F-EC86AECFEE51}.Release|Any CPU.ActiveCfg = Release|Any CPU
		{7A421064-E6F0-43EE-BB9F-EC86AECFEE51}.Release|Any CPU.Build.0 = Release|Any CPU
	EndGlobalSection
	GlobalSection(SolutionProperties) = preSolution
		HideSolutionNode = FALSE
	EndGlobalSection
	GlobalSection(ExtensibilityGlobals) = postSolution
		SolutionGuid = {94805E7D-0737-470F-9EF9-521EC60789B4}
	EndGlobalSection
EndGlobal
