
Microsoft Visual Studio Solution File, Format Version 12.00
# Visual Studio Version 17
VisualStudioVersion = 17.3.32929.385
MinimumVisualStudioVersion = 10.0.40219.1
Project("{FAE04EC0-301F-11D3-BF4B-00C04F79EFBC}") = "30jaanuar_5", "30jaanuar_5\30jaanuar_5.csproj", "{A9336449-D824-4684-818A-44B75436F0C6}"
EndProject
Global
	GlobalSection(SolutionConfigurationPlatforms) = preSolution
		Debug|Any CPU = Debug|Any CPU
		Release|Any CPU = Release|Any CPU
	EndGlobalSection
	GlobalSection(ProjectConfigurationPlatforms) = postSolution
		{A9336449-D824-4684-818A-44B75436F0C6}.Debug|Any CPU.ActiveCfg = Debug|Any CPU
		{A9336449-D824-4684-818A-44B75436F0C6}.Debug|Any CPU.Build.0 = Debug|Any CPU
		{A9336449-D824-4684-818A-44B75436F0C6}.Release|Any CPU.ActiveCfg = Release|Any CPU
		{A9336449-D824-4684-818A-44B75436F0C6}.Release|Any CPU.Build.0 = Release|Any CPU
	EndGlobalSection
	GlobalSection(SolutionProperties) = preSolution
		HideSolutionNode = FALSE
	EndGlobalSection
	GlobalSection(ExtensibilityGlobals) = postSolution
		SolutionGuid = {C64D3200-071F-43BD-AF3C-F543B0647661}
	EndGlobalSection
EndGlobal
