
Microsoft Visual Studio Solution File, Format Version 12.00
# Visual Studio Version 17
VisualStudioVersion = 17.3.32929.385
MinimumVisualStudioVersion = 10.0.40219.1
Project("{FAE04EC0-301F-11D3-BF4B-00C04F79EFBC}") = "19.aprill", "19.aprill.csproj", "{3F0B64B3-AEF0-40F1-88AE-32AADAD33E0E}"
EndProject
Global
	GlobalSection(SolutionConfigurationPlatforms) = preSolution
		Debug|Any CPU = Debug|Any CPU
		Release|Any CPU = Release|Any CPU
	EndGlobalSection
	GlobalSection(ProjectConfigurationPlatforms) = postSolution
		{3F0B64B3-AEF0-40F1-88AE-32AADAD33E0E}.Debug|Any CPU.ActiveCfg = Debug|Any CPU
		{3F0B64B3-AEF0-40F1-88AE-32AADAD33E0E}.Debug|Any CPU.Build.0 = Debug|Any CPU
		{3F0B64B3-AEF0-40F1-88AE-32AADAD33E0E}.Release|Any CPU.ActiveCfg = Release|Any CPU
		{3F0B64B3-AEF0-40F1-88AE-32AADAD33E0E}.Release|Any CPU.Build.0 = Release|Any CPU
	EndGlobalSection
	GlobalSection(SolutionProperties) = preSolution
		HideSolutionNode = FALSE
	EndGlobalSection
	GlobalSection(ExtensibilityGlobals) = postSolution
		SolutionGuid = {3D935FFF-C2CF-4CC8-B833-EC89273F47B0}
	EndGlobalSection
EndGlobal
