
Microsoft Visual Studio Solution File, Format Version 12.00
# Visual Studio Version 17
VisualStudioVersion = 17.3.32929.385
MinimumVisualStudioVersion = 10.0.40219.1
Project("{FAE04EC0-301F-11D3-BF4B-00C04F79EFBC}") = "28veebruar", "28veebruar\28veebruar.csproj", "{AC5144CF-3B2C-41A6-9919-4F1927E668FB}"
EndProject
Global
	GlobalSection(SolutionConfigurationPlatforms) = preSolution
		Debug|Any CPU = Debug|Any CPU
		Release|Any CPU = Release|Any CPU
	EndGlobalSection
	GlobalSection(ProjectConfigurationPlatforms) = postSolution
		{AC5144CF-3B2C-41A6-9919-4F1927E668FB}.Debug|Any CPU.ActiveCfg = Debug|Any CPU
		{AC5144CF-3B2C-41A6-9919-4F1927E668FB}.Debug|Any CPU.Build.0 = Debug|Any CPU
		{AC5144CF-3B2C-41A6-9919-4F1927E668FB}.Release|Any CPU.ActiveCfg = Release|Any CPU
		{AC5144CF-3B2C-41A6-9919-4F1927E668FB}.Release|Any CPU.Build.0 = Release|Any CPU
	EndGlobalSection
	GlobalSection(SolutionProperties) = preSolution
		HideSolutionNode = FALSE
	EndGlobalSection
	GlobalSection(ExtensibilityGlobals) = postSolution
		SolutionGuid = {793A173E-5AAC-44FA-A6EA-F6C2C3875AE3}
	EndGlobalSection
EndGlobal
