
Microsoft Visual Studio Solution File, Format Version 12.00
# Visual Studio Version 17
VisualStudioVersion = 17.3.32929.385
MinimumVisualStudioVersion = 10.0.40219.1
Project("{FAE04EC0-301F-11D3-BF4B-00C04F79EFBC}") = "test2", "test2\test2.csproj", "{0D3C24AF-8C00-45CB-9ECF-BF3ACB238D43}"
EndProject
Global
	GlobalSection(SolutionConfigurationPlatforms) = preSolution
		Debug|Any CPU = Debug|Any CPU
		Release|Any CPU = Release|Any CPU
	EndGlobalSection
	GlobalSection(ProjectConfigurationPlatforms) = postSolution
		{0D3C24AF-8C00-45CB-9ECF-BF3ACB238D43}.Debug|Any CPU.ActiveCfg = Debug|Any CPU
		{0D3C24AF-8C00-45CB-9ECF-BF3ACB238D43}.Debug|Any CPU.Build.0 = Debug|Any CPU
		{0D3C24AF-8C00-45CB-9ECF-BF3ACB238D43}.Release|Any CPU.ActiveCfg = Release|Any CPU
		{0D3C24AF-8C00-45CB-9ECF-BF3ACB238D43}.Release|Any CPU.Build.0 = Release|Any CPU
	EndGlobalSection
	GlobalSection(SolutionProperties) = preSolution
		HideSolutionNode = FALSE
	EndGlobalSection
	GlobalSection(ExtensibilityGlobals) = postSolution
		SolutionGuid = {F20FD0AD-2E09-4DBB-92B1-4BD031B1A6ED}
	EndGlobalSection
EndGlobal
