
Microsoft Visual Studio Solution File, Format Version 12.00
# Visual Studio Version 17
VisualStudioVersion = 17.3.32929.385
MinimumVisualStudioVersion = 10.0.40219.1
Project("{FAE04EC0-301F-11D3-BF4B-00C04F79EFBC}") = "24jaanuar_4", "24jaanuar_4.csproj", "{6B572E8A-3B9F-4C11-B97E-22D91667FEAD}"
EndProject
Global
	GlobalSection(SolutionConfigurationPlatforms) = preSolution
		Debug|Any CPU = Debug|Any CPU
		Release|Any CPU = Release|Any CPU
	EndGlobalSection
	GlobalSection(ProjectConfigurationPlatforms) = postSolution
		{6B572E8A-3B9F-4C11-B97E-22D91667FEAD}.Debug|Any CPU.ActiveCfg = Debug|Any CPU
		{6B572E8A-3B9F-4C11-B97E-22D91667FEAD}.Debug|Any CPU.Build.0 = Debug|Any CPU
		{6B572E8A-3B9F-4C11-B97E-22D91667FEAD}.Release|Any CPU.ActiveCfg = Release|Any CPU
		{6B572E8A-3B9F-4C11-B97E-22D91667FEAD}.Release|Any CPU.Build.0 = Release|Any CPU
	EndGlobalSection
	GlobalSection(SolutionProperties) = preSolution
		HideSolutionNode = FALSE
	EndGlobalSection
	GlobalSection(ExtensibilityGlobals) = postSolution
		SolutionGuid = {026F7A20-9524-4973-868E-3838F52E87E7}
	EndGlobalSection
EndGlobal
