
Microsoft Visual Studio Solution File, Format Version 12.00
# Visual Studio Version 17
VisualStudioVersion = 17.3.32929.385
MinimumVisualStudioVersion = 10.0.40219.1
Project("{FAE04EC0-301F-11D3-BF4B-00C04F79EFBC}") = "28veebruar_4", "28veebruar_4\28veebruar_4.csproj", "{382A9331-A158-48EE-8EA6-D164E2C5B21E}"
EndProject
Global
	GlobalSection(SolutionConfigurationPlatforms) = preSolution
		Debug|Any CPU = Debug|Any CPU
		Release|Any CPU = Release|Any CPU
	EndGlobalSection
	GlobalSection(ProjectConfigurationPlatforms) = postSolution
		{382A9331-A158-48EE-8EA6-D164E2C5B21E}.Debug|Any CPU.ActiveCfg = Debug|Any CPU
		{382A9331-A158-48EE-8EA6-D164E2C5B21E}.Debug|Any CPU.Build.0 = Debug|Any CPU
		{382A9331-A158-48EE-8EA6-D164E2C5B21E}.Release|Any CPU.ActiveCfg = Release|Any CPU
		{382A9331-A158-48EE-8EA6-D164E2C5B21E}.Release|Any CPU.Build.0 = Release|Any CPU
	EndGlobalSection
	GlobalSection(SolutionProperties) = preSolution
		HideSolutionNode = FALSE
	EndGlobalSection
	GlobalSection(ExtensibilityGlobals) = postSolution
		SolutionGuid = {EE189423-2AD8-4BBA-85D0-861C56134B7F}
	EndGlobalSection
EndGlobal
