
Microsoft Visual Studio Solution File, Format Version 12.00
# Visual Studio Version 17
VisualStudioVersion = 17.3.32929.385
MinimumVisualStudioVersion = 10.0.40219.1
Project("{FAE04EC0-301F-11D3-BF4B-00C04F79EFBC}") = "13detsember_3", "13detsember_3.csproj", "{228AB98B-824F-49BB-B9ED-0C07EF3C7213}"
EndProject
Global
	GlobalSection(SolutionConfigurationPlatforms) = preSolution
		Debug|Any CPU = Debug|Any CPU
		Release|Any CPU = Release|Any CPU
	EndGlobalSection
	GlobalSection(ProjectConfigurationPlatforms) = postSolution
		{228AB98B-824F-49BB-B9ED-0C07EF3C7213}.Debug|Any CPU.ActiveCfg = Debug|Any CPU
		{228AB98B-824F-49BB-B9ED-0C07EF3C7213}.Debug|Any CPU.Build.0 = Debug|Any CPU
		{228AB98B-824F-49BB-B9ED-0C07EF3C7213}.Release|Any CPU.ActiveCfg = Release|Any CPU
		{228AB98B-824F-49BB-B9ED-0C07EF3C7213}.Release|Any CPU.Build.0 = Release|Any CPU
	EndGlobalSection
	GlobalSection(SolutionProperties) = preSolution
		HideSolutionNode = FALSE
	EndGlobalSection
	GlobalSection(ExtensibilityGlobals) = postSolution
		SolutionGuid = {BFB60C95-63C9-48F9-B2C7-42981A1FCCE8}
	EndGlobalSection
EndGlobal
